
Microsoft Visual Studio Solution File, Format Version 12.00
# Visual Studio Version 16
VisualStudioVersion = 16.0.31105.61
MinimumVisualStudioVersion = 10.0.40219.1
Project("{9A19103F-16F7-4668-BE54-9A1E7A4F7556}") = "Company.BlazorServerApplication1", "Company.BlazorServerApplication1.csproj", "{D7BED6BD-B208-4D5F-8FEA-1E0CF9C95914}"
EndProject
Global
	GlobalSection(SolutionConfigurationPlatforms) = preSolution
		Debug|Any CPU = Debug|Any CPU
		Release|Any CPU = Release|Any CPU
	EndGlobalSection
	GlobalSection(ProjectConfigurationPlatforms) = postSolution
		{D7BED6BD-B208-4D5F-8FEA-1E0CF9C95914}.Debug|Any CPU.ActiveCfg = Debug|Any CPU
		{D7BED6BD-B208-4D5F-8FEA-1E0CF9C95914}.Debug|Any CPU.Build.0 = Debug|Any CPU
		{D7BED6BD-B208-4D5F-8FEA-1E0CF9C95914}.Release|Any CPU.ActiveCfg = Release|Any CPU
		{D7BED6BD-B208-4D5F-8FEA-1E0CF9C95914}.Release|Any CPU.Build.0 = Release|Any CPU
	EndGlobalSection
	GlobalSection(SolutionProperties) = preSolution
		HideSolutionNode = FALSE
	EndGlobalSection
	GlobalSection(ExtensibilityGlobals) = postSolution
		SolutionGuid = {76DF5E17-8ED4-45AE-B5B3-7C1234749B62}
	EndGlobalSection
EndGlobal
